version: 7
platforms:
- name: linux-64
environments:
  default:
    channels:
    - url: https://conda.anaconda.org/conda-forge/
    packages:
      linux-64:
      - conda: https://conda.anaconda.org/conda-forge/linux-64/_openmp_mutex-4.5-20_gnu.conda
      - conda: https://conda.anaconda.org/conda-forge/linux-64/binutils-2.46.1-default_h4852527_102.conda
      - conda: https://conda.anaconda.org/conda-forge/linux-64/binutils_impl_linux-64-2.46.1-default_hfdba357_102.conda
      - conda: https://conda.anaconda.org/conda-forge/linux-64/clang-23-23.1.1-default_h7037f76_0.conda
      - conda: https://conda.anaconda.org/conda-forge/linux-64/clang-23.1.1-default_cfg_h3c0fb0f_0.conda
      - conda: https://conda.anaconda.org/conda-forge/linux-64/clang-format-23-23.1.1-default_h0acdd01_0.conda
      - conda: https://conda.anaconda.org/conda-forge/linux-64/clang-format-23.1.1-default_h77a3a2e_0.conda
      - conda: https://conda.anaconda.org/conda-forge/linux-64/clang-scan-deps-23.1.1-default_h0acdd01_0.conda
      - conda: https://conda.anaconda.org/conda-forge/linux-64/clang-tools-23.1.1-default_h7d4191a_0.conda
      - conda: https://conda.anaconda.org/conda-forge/linux-64/clang_impl_linux-64-23.1.1-default_h175664f_0.conda
      - conda: https://conda.anaconda.org/conda-forge/linux-64/compiler-rt-23.1.1-ha770c72_0.conda
      - conda: https://conda.anaconda.org/conda-forge/linux-64/compiler-rt23-23.1.1-h7148c6a_0.conda
      - conda: https://conda.anaconda.org/conda-forge/linux-64/ld_impl_linux-64-2.46.1-default_hbd61a6d_102.conda
      - conda: https://conda.anaconda.org/conda-forge/linux-64/libclang-cpp23.1-23.1.1-default_h0acdd01_0.conda
      - conda: https://conda.anaconda.org/conda-forge/linux-64/libclang13-23.1.1-default_h7037f76_0.conda
      - conda: https://conda.anaconda.org/conda-forge/linux-64/libcompiler-rt-23.1.1-h7148c6a_0.conda
      - conda: https://conda.anaconda.org/conda-forge/linux-64/libgcc-16.2.0-ha9f2e26_5.conda
      - conda: https://conda.anaconda.org/conda-forge/linux-64/libgomp-16.2.0-he0feb66_5.conda
      - conda: https://conda.anaconda.org/conda-forge/linux-64/libiconv-1.18-h0cb94f2_3.conda
      - conda: https://conda.anaconda.org/conda-forge/linux-64/libllvm23-23.1.1-h474f4eb_0.conda
      - conda: https://conda.anaconda.org/conda-forge/linux-64/liblzma-5.8.3-hb03c661_1.conda
      - conda: https://conda.anaconda.org/conda-forge/linux-64/libstdcxx-16.2.0-h934c35e_5.conda
      - conda: https://conda.anaconda.org/conda-forge/linux-64/libxml2-16-2.15.4-hbdfff7e_0.conda
      - conda: https://conda.anaconda.org/conda-forge/linux-64/libxml2-2.15.4-ha7a5771_0.conda
      - conda: https://conda.anaconda.org/conda-forge/linux-64/libzlib-1.3.2-h25fd6f3_3.conda
      - conda: https://conda.anaconda.org/conda-forge/linux-64/llvm-23.1.1-hc834315_0.conda
      - conda: https://conda.anaconda.org/conda-forge/linux-64/llvm-openmp-23.1.1-h7148c6a_0.conda
      - conda: https://conda.anaconda.org/conda-forge/linux-64/zstd-1.5.7-hb78ec9c_7.conda
      - conda: https://conda.anaconda.org/conda-forge/noarch/compiler-rt23_linux-64-23.1.1-h0e38de2_0.conda
      - conda: https://conda.anaconda.org/conda-forge/noarch/compiler-rt_linux-64-23.1.1-ha770c72_0.conda
      - conda: https://conda.anaconda.org/conda-forge/noarch/kernel-headers_linux-64-4.18.0-he073ed8_9.conda
      - conda: https://conda.anaconda.org/conda-forge/noarch/libgcc-devel_linux-64-16.2.0-he3ce08f_105.conda
      - conda: https://conda.anaconda.org/conda-forge/noarch/sysroot_linux-64-2.28-h4ee821c_9.conda
      - conda: https://conda.anaconda.org/conda-forge/noarch/tzdata-2026c-h151e31d_0.conda
packages:
- conda: https://conda.anaconda.org/conda-forge/linux-64/_openmp_mutex-4.5-20_gnu.conda
  build_number: 20
  sha256: 1dd3fffd892081df9726d7eb7e0dea6198962ba775bd88842135a4ddb4deb3c9
  md5: a9f577daf3de00bca7c3c76c0ecbd1de
  depends:
  - __glibc >=2.17,<3.0.a0
  - libgomp >=7.5.0
  constrains:
  - openmp_impl <0.0a0
  license: BSD-3-Clause
  license_family: BSD
  run_exports:
    strong:
    - _openmp_mutex >=4.5
  size: 28948
  timestamp: 1770939786096
- conda: https://conda.anaconda.org/conda-forge/linux-64/binutils-2.46.1-default_h4852527_102.conda
  sha256: 659c367ef49df7741749a2ad240b007d7df51b4f210505a78543deafb001e44c
  md5: e8452fe381cac5fff20563a07722dfa5
  depends:
  - binutils_impl_linux-64 >=2.46.1,<2.46.2.0a0
  license: GPL-3.0-only
  license_family: GPL
  run_exports: {}
  size: 35399
  timestamp: 1784214547142
- conda: https://conda.anaconda.org/conda-forge/linux-64/binutils_impl_linux-64-2.46.1-default_hfdba357_102.conda
  sha256: fb7bf36984a37ce7e4714d1d1da0bd0e3bfc679520f5cdc184afc676fd4b5da2
  md5: a0c5e0b7f58c8ceeb08e5bc41251d5a2
  depends:
  - ld_impl_linux-64 2.46.1 default_hbd61a6d_102
  - sysroot_linux-64
  - zstd >=1.5.7,<1.6.0a0
  license: GPL-3.0-only
  license_family: GPL
  run_exports: {}
  size: 3713752
  timestamp: 1784214522814
- conda: https://conda.anaconda.org/conda-forge/linux-64/clang-23-23.1.1-default_h7037f76_0.conda
  sha256: b9c6ef0853df0e34f5d033a881fcbe97d2e9a76db4566ecb906fb28383665aca
  md5: 0b94c480378bf8a0111fb04fa9e9d028
  depends:
  - compiler-rt23 ==23.1.1
  - libclang-cpp23.1 ==23.1.1 default_h0acdd01_0
  - libstdcxx >=15
  - libgcc >=15
  - __glibc >=2.17,<3.0.a0
  - libxml2
  - libxml2-16 >=2.15.4
  - zstd >=1.5.7,<1.6.0a0
  - libzlib >=1.3.2,<2.0a0
  - libclang-cpp23.1 >=23.1.1,<23.2.0a0
  - libllvm23 >=23.1.1,<23.2.0a0
  license: Apache-2.0 WITH LLVM-exception
  license_family: APACHE
  run_exports: {}
  size: 973854
  timestamp: 1788986724670
- conda: https://conda.anaconda.org/conda-forge/linux-64/clang-23.1.1-default_cfg_h3c0fb0f_0.conda
  sha256: 9e3cd186639c44e46d03814b9897aa032eaa45539c7a996106e6968e5095565f
  md5: c493d13a2fc3b3008ac00bbb115b1c78
  depends:
  - clang-23 ==23.1.1 default_h7037f76_0
  - llvm-openmp >=23.1.1
  - clang_impl_linux-64 ==23.1.1 default_h175664f_0
  - binutils
  - libgcc-devel_linux-64
  - sysroot_linux-64
  - libstdcxx >=15
  - libgcc >=15
  - __glibc >=2.17,<3.0.a0
  license: Apache-2.0 WITH LLVM-exception
  license_family: APACHE
  run_exports: {}
  size: 34070
  timestamp: 1788986724670
- conda: https://conda.anaconda.org/conda-forge/linux-64/clang-format-23-23.1.1-default_h0acdd01_0.conda
  sha256: 0c57982c9b2ecf772a3fb021bbc5d9c21343241e696f11d1134a3178b4a43678
  md5: 8e7714a6acd5754a0901f061dc471e4c
  depends:
  - libclang-cpp23.1 >=23.1.1,<23.2.0a0
  - libstdcxx >=15
  - libgcc >=15
  - __glibc >=2.17,<3.0.a0
  - libxml2
  - libxml2-16 >=2.15.4
  - zstd >=1.5.7,<1.6.0a0
  - libzlib >=1.3.2,<2.0a0
  - libllvm23 >=23.1.1,<23.2.0a0
  license: Apache-2.0 WITH LLVM-exception
  license_family: APACHE
  run_exports: {}
  size: 73974
  timestamp: 1788986724670
- conda: https://conda.anaconda.org/conda-forge/linux-64/clang-format-23.1.1-default_h77a3a2e_0.conda
  sha256: 1daceaad87b9e60bd75d1a49123141b9cdaeaf784031d1c787f77fb9ab8da2ab
  md5: fb52997493b455cd4f379aff1fbe8fe3
  depends:
  - libclang-cpp23.1 >=23.1.1,<23.2.0a0
  - clang-format-23 ==23.1.1 default_h0acdd01_0
  - libstdcxx >=15
  - libgcc >=15
  - __glibc >=2.17,<3.0.a0
  - libxml2
  - libxml2-16 >=2.15.4
  - zstd >=1.5.7,<1.6.0a0
  - libzlib >=1.3.2,<2.0a0
  license: Apache-2.0 WITH LLVM-exception
  license_family: APACHE
  run_exports: {}
  size: 33658
  timestamp: 1788986724670
- conda: https://conda.anaconda.org/conda-forge/linux-64/clang-scan-deps-23.1.1-default_h0acdd01_0.conda
  sha256: f396dc4c03928e98e4e274650d01d3183457e2920ff7d2a68d1e0ab09aad306f
  md5: 2c8b47eac93827c8f6b7a5a00643f6f6
  depends:
  - libclang13 >=23.1.1
  - libclang-cpp23.1 >=23.1.1,<23.2.0a0
  - libstdcxx >=15
  - libgcc >=15
  - __glibc >=2.17,<3.0.a0
  - libxml2
  - libxml2-16 >=2.15.4
  - zstd >=1.5.7,<1.6.0a0
  - libzlib >=1.3.2,<2.0a0
  - libllvm23 >=23.1.1,<23.2.0a0
  license: Apache-2.0 WITH LLVM-exception
  license_family: APACHE
  run_exports: {}
  size: 112073
  timestamp: 1788986724670
- conda: https://conda.anaconda.org/conda-forge/linux-64/clang-tools-23.1.1-default_h7d4191a_0.conda
  sha256: c423bc6c58f0f238c2cd1eb44b1b4459ab8b5f75210236ad6cd37ad6201b5513
  md5: 8167a71dcdc48cc686ca6833894171d6
  depends:
  - clang-format ==23.1.1 default_h77a3a2e_0
  - libclang13 >=23.1.1
  - clang-scan-deps ==23.1.1 default_h0acdd01_0
  - libclang-cpp23.1 >=23.1.1,<23.2.0a0
  - libstdcxx >=15
  - libgcc >=15
  - __glibc >=2.17,<3.0.a0
  - libxml2
  - libxml2-16 >=2.15.4
  - zstd >=1.5.7,<1.6.0a0
  - libzlib >=1.3.2,<2.0a0
  - libllvm23 >=23.1.1,<23.2.0a0
  constrains:
  - clangdev ==23.1.1
  license: Apache-2.0 WITH LLVM-exception
  license_family: APACHE
  run_exports: {}
  size: 12229896
  timestamp: 1788986724670
- conda: https://conda.anaconda.org/conda-forge/linux-64/clang_impl_linux-64-23.1.1-default_h175664f_0.conda
  sha256: ccf27b41215d56ac669022b1a71dd95ee1847735376240981c9fbfb9c47f867c
  md5: 01a57148cefc3d08e150415131e6f161
  depends:
  - clang-23 ==23.1.1 default_h7037f76_0
  - compiler-rt_linux-64 ==23.1.1
  - compiler-rt ==23.1.1
  - binutils_impl_linux-64
  - libgcc-devel_linux-64
  - sysroot_linux-64
  - libstdcxx >=15
  - libgcc >=15
  - __glibc >=2.17,<3.0.a0
  - libxml2
  - libxml2-16 >=2.15.4
  - zstd >=1.5.7,<1.6.0a0
  - libzlib >=1.3.2,<2.0a0
  license: Apache-2.0 WITH LLVM-exception
  license_family: APACHE
  run_exports: {}
  size: 33646
  timestamp: 1788986724670
- conda: https://conda.anaconda.org/conda-forge/linux-64/compiler-rt-23.1.1-ha770c72_0.conda
  sha256: 92e53f6d6eff7d9c21a133ea62c48857507a054095a8c4ae3666d07e4ee3e88a
  md5: e4b816581a46cbb9e55951f6c552a51f
  depends:
  - compiler-rt23 23.1.1 h7148c6a_0
  - libcompiler-rt 23.1.1 h7148c6a_0
  constrains:
  - clang 23.1.1
  license: Apache-2.0 WITH LLVM-exception
  license_family: APACHE
  run_exports: {}
  size: 16700
  timestamp: 1788953740240
- conda: https://conda.anaconda.org/conda-forge/linux-64/compiler-rt23-23.1.1-h7148c6a_0.conda
  sha256: 51ad1f1c5fa49aaff4bd0bedebf195c65177345bb12dc8e0fa5fffc834f89d6f
  md5: 9c59c0ef6a1acb5cc115eadf59624a34
  depends:
  - __glibc >=2.17,<3.0.a0
  - compiler-rt23_linux-64 23.1.1.*
  - libgcc >=15
  - libstdcxx >=15
  license: Apache-2.0 WITH LLVM-exception
  license_family: APACHE
  run_exports: {}
  size: 116601
  timestamp: 1788953739173
- conda: https://conda.anaconda.org/conda-forge/linux-64/ld_impl_linux-64-2.46.1-default_hbd61a6d_102.conda
  sha256: 27d83f1188cd19bcb7754a078b3fa7f4cfb8527f8eb2fde54dd01fc529d1adec
  md5: 449500f2c089da11c40f5c21312e3e07
  depends:
  - __glibc >=2.17,<3.0.a0
  - zstd >=1.5.7,<1.6.0a0
  constrains:
  - binutils_impl_linux-64 2.46.1
  license: GPL-3.0-only
  license_family: GPL
  run_exports: {}
  size: 745303
  timestamp: 1784214507189
- conda: https://conda.anaconda.org/conda-forge/linux-64/libclang-cpp23.1-23.1.1-default_h0acdd01_0.conda
  sha256: 1a393452606eaed3192783a77acffffce6dec101f44bfa9f1c8b00da0e1b828b
  md5: 685684bbe8a2b702db0a664f882a49aa
  depends:
  - libstdcxx >=15
  - libgcc >=15
  - __glibc >=2.17,<3.0.a0
  - libxml2
  - libxml2-16 >=2.15.4
  - zstd >=1.5.7,<1.6.0a0
  - libzlib >=1.3.2,<2.0a0
  - libllvm23 >=23.1.1,<23.2.0a0
  license: Apache-2.0 WITH LLVM-exception
  license_family: APACHE
  run_exports:
    weak:
    - libclang-cpp23.1 >=23.1.1,<23.2.0a0
  size: 25352464
  timestamp: 1788986724670
- conda: https://conda.anaconda.org/conda-forge/linux-64/libclang13-23.1.1-default_h7037f76_0.conda
  sha256: 89c4968a9eb3c45aa6ecd1e20dcf30419cc52ef756af3bbad5099ae488cb8330
  md5: 477ba0fcc49cbf8dad6fadac96dd87c5
  depends:
  - libclang-cpp23.1 ==23.1.1 default_h0acdd01_0
  - libstdcxx >=15
  - libgcc >=15
  - __glibc >=2.17,<3.0.a0
  - libxml2
  - libxml2-16 >=2.15.4
  - zstd >=1.5.7,<1.6.0a0
  - libzlib >=1.3.2,<2.0a0
  - libllvm23 >=23.1.1,<23.2.0a0
  license: Apache-2.0 WITH LLVM-exception
  license_family: APACHE
  run_exports:
    weak:
    - libclang13 >=23.1.1
  size: 15440907
  timestamp: 1788986724670
- conda: https://conda.anaconda.org/conda-forge/linux-64/libcompiler-rt-23.1.1-h7148c6a_0.conda
  sha256: 32eb02049fec0e4b423d8fcb6fbae734c0a91fc155a10834881dc9e385636a2b
  md5: cd97f55153535ee07500aad1e3751b10
  depends:
  - __glibc >=2.17,<3.0.a0
  - libgcc >=15
  - libstdcxx >=15
  constrains:
  - compiler-rt >=9.0.1
  license: Apache-2.0 WITH LLVM-exception
  license_family: APACHE
  run_exports:
    weak:
    - libcompiler-rt >=23.1.1
  size: 10806659
  timestamp: 1788953718953
- conda: https://conda.anaconda.org/conda-forge/linux-64/libgcc-16.2.0-ha9f2e26_5.conda
  sha256: 33d1b5d57c5a55a474330c5ec41fe7001a5aa600d9639389e8ce5edafae216a4
  md5: 3b62b92f0f082b67c59618ebf07617a7
  depends:
  - __glibc >=2.17,<3.0.a0
  - _openmp_mutex >=4.5
  constrains:
  - libgcc-ng ==16.2.0=*_5
  - libgomp 16.2.0 he0feb66_5
  license: GPL-3.0-only WITH GCC-exception-3.1
  license_family: GPL
  run_exports: {}
  size: 1057064
  timestamp: 1789485807107
- conda: https://conda.anaconda.org/conda-forge/linux-64/libgomp-16.2.0-he0feb66_5.conda
  sha256: 224a5a09e258a1a257089a9af310e9336e1d36834959718a9fab8679742dd822
  md5: af44890f8a2beefd3a83805a59a65014
  depends:
  - __glibc >=2.17,<3.0.a0
  license: GPL-3.0-only WITH GCC-exception-3.1
  license_family: GPL
  run_exports:
    strong:
    - _openmp_mutex >=4.5
  size: 641644
  timestamp: 1789485759120
- conda: https://conda.anaconda.org/conda-forge/linux-64/libiconv-1.18-h0cb94f2_3.conda
  sha256: f943117edb9cd4d9c61cc972eee5a34291dc55ea7a6e9e38da104995841cbcb6
  md5: f92233bf33e24a25668bb2119e2c51f9
  depends:
  - __glibc >=2.17,<3.0.a0
  - libgcc >=15
  license: LGPL-2.1-only
  run_exports:
    weak:
    - libiconv >=1.18,<2.0a0
  size: 789471
  timestamp: 1787033836207
- conda: https://conda.anaconda.org/conda-forge/linux-64/libllvm23-23.1.1-h474f4eb_0.conda
  sha256: 5c716beeb80cd420c37cb811102a9e76c66072f47ed319de1a931ecdd98c9e6b
  md5: d96e790721dd4e9af624acbf46cdd818
  depends:
  - __glibc >=2.17,<3.0.a0
  - libgcc >=15
  - libstdcxx >=15
  - libxml2
  - libxml2-16 >=2.15.4
  - libzlib >=1.3.2,<2.0a0
  - zstd >=1.5.7,<1.6.0a0
  license: Apache-2.0 WITH LLVM-exception
  license_family: Apache
  run_exports:
    weak:
    - libllvm23 >=23.1.1,<23.2.0a0
  size: 45065095
  timestamp: 1788900116889
- conda: https://conda.anaconda.org/conda-forge/linux-64/liblzma-5.8.3-hb03c661_1.conda
  sha256: 9787df8c22a59c9a70d3e5a10db9ad663485e75e9ccc3f09bd092cb7b95e0dab
  md5: 1390b7c5ac0b1d8e447bc5efa6d3c8c2
  depends:
  - __glibc >=2.17,<3.0.a0
  - libgcc >=14
  constrains:
  - xz 5.8.3.*
  license: 0BSD
  run_exports:
    weak:
    - liblzma >=5.8.3,<6.0a0
  size: 112995
  timestamp: 1786348617826
- conda: https://conda.anaconda.org/conda-forge/linux-64/libstdcxx-16.2.0-h934c35e_5.conda
  sha256: 38cadde30fad8f7c101f9eec79f60bf03fc99310c7195d23f8b30832516d666f
  md5: 75b43a2912a0354204696708e4f34b8d
  depends:
  - __glibc >=2.17,<3.0.a0
  - libgcc 16.2.0 ha9f2e26_5
  constrains:
  - libstdcxx-ng ==16.2.0=*_5
  license: GPL-3.0-only WITH GCC-exception-3.1
  license_family: GPL
  run_exports: {}
  size: 6618916
  timestamp: 1789485826390
- conda: https://conda.anaconda.org/conda-forge/linux-64/libxml2-16-2.15.4-hbdfff7e_0.conda
  sha256: b6f96287c408269f5067bb4f7a61693ff5c856152902362964d9807152b9c146
  md5: 176fa262c40e1141e9f364d3e4783795
  depends:
  - __glibc >=2.17,<3.0.a0
  - libgcc >=15
  - libiconv >=1.18,<2.0a0
  - liblzma >=5.8.3,<6.0a0
  - libzlib >=1.3.2,<2.0a0
  constrains:
  - icu <0.0a0
  - libxml2 2.15.4
  license: MIT
  license_family: MIT
  run_exports: {}
  size: 565717
  timestamp: 1788635209625
- conda: https://conda.anaconda.org/conda-forge/linux-64/libxml2-2.15.4-ha7a5771_0.conda
  sha256: db52c038430a508656530fc7b5650ae3e2629875693a6a256cc48dec203f8bfe
  md5: c322ae4591dfe866b2a9b1e8537fe805
  depends:
  - __glibc >=2.17,<3.0.a0
  - libgcc >=15
  - libiconv >=1.18,<2.0a0
  - liblzma >=5.8.3,<6.0a0
  - libxml2-16 2.15.4 hbdfff7e_0
  - libzlib >=1.3.2,<2.0a0
  constrains:
  - icu <0.0a0
  license: MIT
  license_family: MIT
  run_exports:
    weak:
    - libxml2
    - libxml2-16 >=2.15.4
  size: 46952
  timestamp: 1788635214834
- conda: https://conda.anaconda.org/conda-forge/linux-64/libzlib-1.3.2-h25fd6f3_3.conda
  sha256: eb8a0db0aa570124f7d2a93d7c7f596e3390df5e047818d873baad32985fc736
  md5: 0de0122d9570a8ab637c6b73db268389
  depends:
  - __glibc >=2.17,<3.0.a0
  constrains:
  - zlib 1.3.2 *_3
  license: Zlib
  license_family: Other
  run_exports:
    weak:
    - libzlib >=1.3.2,<2.0a0
  size: 63713
  timestamp: 1785362952714
- conda: https://conda.anaconda.org/conda-forge/linux-64/llvm-23.1.1-hc834315_0.conda
  sha256: 85ae194fc2a1a785ed2a4ae24dd4a4a05a3fac64d2010470c781a5fceef91390
  md5: ddf91a78764cf211887d1379333f5c3e
  depends:
  - libllvm23 23.1.1 h474f4eb_0
  - libxml2
  - libxml2-16 >=2.15.4
  - libzlib >=1.3.2,<2.0a0
  - zstd >=1.5.7,<1.6.0a0
  constrains:
  - clang       23.1.1
  - clang-tools 23.1.1
  - llvm-tools  23.1.1
  - llvmdev     23.1.1
  license: Apache-2.0 WITH LLVM-exception
  license_family: Apache
  run_exports:
    weak:
    - libllvm23 >=23.1.1,<23.2.0a0
  size: 17914
  timestamp: 1788900256884
- conda: https://conda.anaconda.org/conda-forge/linux-64/llvm-openmp-23.1.1-h7148c6a_0.conda
  sha256: 4d6dab4691baec13109bc251506a74da448340b6a5de92de30563871105f8e7c
  md5: d976d1fcca0f3c861f02aff9fb95508f
  depends:
  - __glibc >=2.17,<3.0.a0
  constrains:
  - intel-openmp <0.0a0
  - openmp 23.1.1|23.1.1.*
  license: Apache-2.0 WITH LLVM-exception
  license_family: APACHE
  run_exports:
    strong:
    - llvm-openmp >=23.1.1
    - _openmp_mutex >=4.5
    - _openmp_mutex * *_llvm
  size: 6120459
  timestamp: 1788967391838
- conda: https://conda.anaconda.org/conda-forge/linux-64/zstd-1.5.7-hb78ec9c_7.conda
  sha256: 47d682b9f6d6ec9eb1a6e6c3e75ea6273e899e78fb7fc59f81d39745009fbc60
  md5: aa459086047c0e5e27023ab19f8cb86a
  depends:
  - __glibc >=2.17,<3.0.a0
  - libzlib >=1.3.2,<2.0a0
  license: BSD-3-Clause
  license_family: BSD
  run_exports:
    weak:
    - zstd >=1.5.7,<1.6.0a0
  size: 601301
  timestamp: 1786599621503
- conda: https://conda.anaconda.org/conda-forge/noarch/compiler-rt23_linux-64-23.1.1-h0e38de2_0.conda
  sha256: b76b47f88c02a6269abea631bd9b07fdbd853eea33e38da9f374aca00ccfb1d0
  md5: 5bdf3d08aad77b56f5359f4a0a77a6d4
  constrains:
  - compiler-rt >=9.0.1
  license: Apache-2.0 WITH LLVM-exception
  license_family: APACHE
  run_exports: {}
  size: 52124648
  timestamp: 1788953650227
- conda: https://conda.anaconda.org/conda-forge/noarch/compiler-rt_linux-64-23.1.1-ha770c72_0.conda
  sha256: bf2e72eeccb72b026b43d86a8b49aabd53dab615f36452397ccedc106ddbc310
  md5: 935927a71551613d448ac2c0ec37ed67
  depends:
  - compiler-rt23_linux-64 23.1.1 h0e38de2_0
  constrains:
  - clang 23.1.1
  license: Apache-2.0 WITH LLVM-exception
  license_family: APACHE
  run_exports: {}
  size: 16727
  timestamp: 1788953739916
- conda: https://conda.anaconda.org/conda-forge/noarch/kernel-headers_linux-64-4.18.0-he073ed8_9.conda
  sha256: 41557eeadf641de6aeae49486cef30d02a6912d8da98585d687894afd65b356a
  md5: 86d9cba083cd041bfbf242a01a7a1999
  constrains:
  - sysroot_linux-64 ==2.28
  license: LGPL-2.0-or-later AND LGPL-2.0-or-later WITH exceptions AND GPL-2.0-or-later
  license_family: GPL
  run_exports: {}
  size: 1278712
  timestamp: 1765578681495
- conda: https://conda.anaconda.org/conda-forge/noarch/libgcc-devel_linux-64-16.2.0-he3ce08f_105.conda
  sha256: 8c50468146b12ae9f2c7b457aa54fef603f69f7c46d607d6c892c16d1c8d2f70
  md5: fba9fe1cd6b560a30e93ecf43ce9bf05
  depends:
  - __unix
  license: GPL-3.0-only WITH GCC-exception-3.1
  license_family: GPL
  run_exports: {}
  size: 3093468
  timestamp: 1789485750659
- conda: https://conda.anaconda.org/conda-forge/noarch/sysroot_linux-64-2.28-h4ee821c_9.conda
  sha256: c47299fe37aebb0fcf674b3be588e67e4afb86225be4b0d452c7eb75c086b851
  md5: 13dc3adbc692664cd3beabd216434749
  depends:
  - __glibc >=2.28
  - kernel-headers_linux-64 4.18.0 he073ed8_9
  - tzdata
  license: LGPL-2.0-or-later AND LGPL-2.0-or-later WITH exceptions AND GPL-2.0-or-later
  license_family: GPL
  run_exports:
    strong:
    - __glibc >=2.28,<3.0.a0
  size: 24008591
  timestamp: 1765578833462
- conda: https://conda.anaconda.org/conda-forge/noarch/tzdata-2026c-h151e31d_0.conda
  sha256: b928c30ddcb0e3f544c6eade8352737e6e610e263276b90232db6a578ef899d8
  md5: fcb489df604d100968b737f2cb6076c6
  license: LicenseRef-Public-Domain
  run_exports: {}
  size: 118849
  timestamp: 1784250406640
